
Microsoft Visual Studio Solution File, Format Version 12.00
# Visual Studio 14
VisualStudioVersion = 14.0.25420.1
MinimumVisualStudioVersion = 10.0.40219.1
Project("{FAE04EC0-301F-11D3-BF4B-00C04F79EFBC}") = "Crypter", "Crypter\Crypter.csproj", "{0BB22453-D705-471D-A975-FC2573AEB62A}"
EndProject
Project("{2150E333-8FDC-42A3-9474-1A3956D46DE8}") = "Solution Items", "Solution Items", "{14860F91-5CD7-418E-9986-FF20D31E25B6}"
	ProjectSection(SolutionItems) = preProject
		Icon.ico = Icon.ico
	EndProjectSection
EndProject
Global
	GlobalSection(SolutionConfigurationPlatforms) = preSolution
		Debug|Any CPU = Debug|Any CPU
		Release|Any CPU = Release|Any CPU
	EndGlobalSection
	GlobalSection(ProjectConfigurationPlatforms) = postSolution
		{0BB22453-D705-471D-A975-FC2573AEB62A}.Debug|Any CPU.ActiveCfg = Debug|Any CPU
		{0BB22453-D705-471D-A975-FC2573AEB62A}.Debug|Any CPU.Build.0 = Debug|Any CPU
		{0BB22453-D705-471D-A975-FC2573AEB62A}.Release|Any CPU.ActiveCfg = Release|Any CPU
		{0BB22453-D705-471D-A975-FC2573AEB62A}.Release|Any CPU.Build.0 = Release|Any CPU
	EndGlobalSection
	GlobalSection(SolutionProperties) = preSolution
		HideSolutionNode = FALSE
	EndGlobalSection
EndGlobal
